
Microsoft Visual Studio Solution File, Format Version 12.00
# Visual Studio Version 17
VisualStudioVersion = 17.5.33424.131
MinimumVisualStudioVersion = 10.0.40219.1
Project("{FAE04EC0-301F-11D3-BF4B-00C04F79EFBC}") = "CodeFirst_Training", "CodeFirst_Training\CodeFirst_Training.csproj", "{BDF373C7-25A3-4297-BF9B-8FA8A20A5FFF}"
EndProject
Global
	GlobalSection(SolutionConfigurationPlatforms) = preSolution
		Debug|Any CPU = Debug|Any CPU
		Release|Any CPU = Release|Any CPU
	EndGlobalSection
	GlobalSection(ProjectConfigurationPlatforms) = postSolution
		{BDF373C7-25A3-4297-BF9B-8FA8A20A5FFF}.Debug|Any CPU.ActiveCfg = Debug|Any CPU
		{BDF373C7-25A3-4297-BF9B-8FA8A20A5FFF}.Debug|Any CPU.Build.0 = Debug|Any CPU
		{BDF373C7-25A3-4297-BF9B-8FA8A20A5FFF}.Release|Any CPU.ActiveCfg = Release|Any CPU
		{BDF373C7-25A3-4297-BF9B-8FA8A20A5FFF}.Release|Any CPU.Build.0 = Release|Any CPU
	EndGlobalSection
	GlobalSection(SolutionProperties) = preSolution
		HideSolutionNode = FALSE
	EndGlobalSection
	GlobalSection(ExtensibilityGlobals) = postSolution
		SolutionGuid = {05AA751D-475D-4BDF-81EC-4F8ACE8B4BC0}
	EndGlobalSection
EndGlobal
